
Microsoft Visual Studio Solution File, Format Version 12.00
# Visual Studio 15
VisualStudioVersion = 15.0.28010.2046
MinimumVisualStudioVersion = 10.0.40219.1
Project("{FAE04EC0-301F-11D3-BF4B-00C04F79EFBC}") = "ADFSActive_MVC_Login", "MVCEntityLogin\ADFSActive_MVC_Login.csproj", "{8112F074-3472-405D-985E-F6CFE12B059D}"
EndProject
Global
	GlobalSection(SolutionConfigurationPlatforms) = preSolution
		Debug|Any CPU = Debug|Any CPU
		Release|Any CPU = Release|Any CPU
	EndGlobalSection
	GlobalSection(ProjectConfigurationPlatforms) = postSolution
		{8112F074-3472-405D-985E-F6CFE12B059D}.Debug|Any CPU.ActiveCfg = Debug|Any CPU
		{8112F074-3472-405D-985E-F6CFE12B059D}.Debug|Any CPU.Build.0 = Debug|Any CPU
		{8112F074-3472-405D-985E-F6CFE12B059D}.Release|Any CPU.ActiveCfg = Release|Any CPU
		{8112F074-3472-405D-985E-F6CFE12B059D}.Release|Any CPU.Build.0 = Release|Any CPU
	EndGlobalSection
	GlobalSection(SolutionProperties) = preSolution
		HideSolutionNode = FALSE
	EndGlobalSection
	GlobalSection(ExtensibilityGlobals) = postSolution
		SolutionGuid = {42417C3E-8306-44A6-9387-CCC8D66FFE7B}
	EndGlobalSection
EndGlobal
